
Microsoft Visual Studio Solution File, Format Version 12.00
# Visual Studio 15
VisualStudioVersion = 15.0.27130.2020
MinimumVisualStudioVersion = 10.0.40219.1
Project("{8BC9CEB8-8B4A-11D0-8D11-00A0C91BC942}") = "3D Printer Software", "FirstExample\FirstExample.vcxproj", "{9D6F1153-43EA-469E-8758-A4991B679878}"
EndProject
Global
	GlobalSection(SolutionConfigurationPlatforms) = preSolution
		Debug|Win32 = Debug|Win32
		Release|Win32 = Release|Win32
	EndGlobalSection
	GlobalSection(ProjectConfigurationPlatforms) = postSolution
		{9D6F1153-43EA-469E-8758-A4991B679878}.Debug|Win32.ActiveCfg = Debug|Win32
		{9D6F1153-43EA-469E-8758-A4991B679878}.Debug|Win32.Build.0 = Debug|Win32
		{9D6F1153-43EA-469E-8758-A4991B679878}.Release|Win32.ActiveCfg = Release|Win32
		{9D6F1153-43EA-469E-8758-A4991B679878}.Release|Win32.Build.0 = Release|Win32
	EndGlobalSection
	GlobalSection(SolutionProperties) = preSolution
		HideSolutionNode = FALSE
	EndGlobalSection
	GlobalSection(ExtensibilityGlobals) = postSolution
		SolutionGuid = {3248A598-F7FB-4182-8AD8-9960FF421F6C}
	EndGlobalSection
EndGlobal
